
Microsoft Visual Studio Solution File, Format Version 12.00
# Visual Studio Version 16
VisualStudioVersion = 16.0.31729.503
MinimumVisualStudioVersion = 10.0.40219.1
Project("{9A19103F-16F7-4668-BE54-9A1E7A4F7556}") = "ZanettiClod.SampleAzureFunctions", "ZanettiClod.SampleAzureFunctions\ZanettiClod.SampleAzureFunctions.csproj", "{A41A942A-8267-47D0-9FE3-41CDB61761FB}"
EndProject
Project("{FAE04EC0-301F-11D3-BF4B-00C04F79EFBC}") = "ZanettiClod.Domain", "ZanettiClod.Domain\ZanettiClod.Domain.csproj", "{04C82135-7C69-4551-B09E-909F510183D3}"
EndProject
Project("{FAE04EC0-301F-11D3-BF4B-00C04F79EFBC}") = "ZanettiClod.Core", "ZanettiClod.Application\ZanettiClod.Core.csproj", "{B499E972-7DF5-43D1-A903-4A870E67F16B}"
EndProject
Project("{FAE04EC0-301F-11D3-BF4B-00C04F79EFBC}") = "ZanettiClod.Infrastructure", "ZanettiClod.Infrastructure\ZanettiClod.Infrastructure.csproj", "{A70C547C-4DEA-47D4-805C-6165589E8A53}"
EndProject
Global
	GlobalSection(SolutionConfigurationPlatforms) = preSolution
		Debug|Any CPU = Debug|Any CPU
		Release|Any CPU = Release|Any CPU
	EndGlobalSection
	GlobalSection(ProjectConfigurationPlatforms) = postSolution
		{A41A942A-8267-47D0-9FE3-41CDB61761FB}.Debug|Any CPU.ActiveCfg = Debug|Any CPU
		{A41A942A-8267-47D0-9FE3-41CDB61761FB}.Debug|Any CPU.Build.0 = Debug|Any CPU
		{A41A942A-8267-47D0-9FE3-41CDB61761FB}.Release|Any CPU.ActiveCfg = Release|Any CPU
		{A41A942A-8267-47D0-9FE3-41CDB61761FB}.Release|Any CPU.Build.0 = Release|Any CPU
		{04C82135-7C69-4551-B09E-909F510183D3}.Debug|Any CPU.ActiveCfg = Debug|Any CPU
		{04C82135-7C69-4551-B09E-909F510183D3}.Debug|Any CPU.Build.0 = Debug|Any CPU
		{04C82135-7C69-4551-B09E-909F510183D3}.Release|Any CPU.ActiveCfg = Release|Any CPU
		{04C82135-7C69-4551-B09E-909F510183D3}.Release|Any CPU.Build.0 = Release|Any CPU
		{B499E972-7DF5-43D1-A903-4A870E67F16B}.Debug|Any CPU.ActiveCfg = Debug|Any CPU
		{B499E972-7DF5-43D1-A903-4A870E67F16B}.Debug|Any CPU.Build.0 = Debug|Any CPU
		{B499E972-7DF5-43D1-A903-4A870E67F16B}.Release|Any CPU.ActiveCfg = Release|Any CPU
		{B499E972-7DF5-43D1-A903-4A870E67F16B}.Release|Any CPU.Build.0 = Release|Any CPU
		{A70C547C-4DEA-47D4-805C-6165589E8A53}.Debug|Any CPU.ActiveCfg = Debug|Any CPU
		{A70C547C-4DEA-47D4-805C-6165589E8A53}.Debug|Any CPU.Build.0 = Debug|Any CPU
		{A70C547C-4DEA-47D4-805C-6165589E8A53}.Release|Any CPU.ActiveCfg = Release|Any CPU
		{A70C547C-4DEA-47D4-805C-6165589E8A53}.Release|Any CPU.Build.0 = Release|Any CPU
	EndGlobalSection
	GlobalSection(SolutionProperties) = preSolution
		HideSolutionNode = FALSE
	EndGlobalSection
	GlobalSection(ExtensibilityGlobals) = postSolution
		SolutionGuid = {BA032595-FD29-4B75-B2BB-A39E03F6EDC1}
	EndGlobalSection
EndGlobal
